
Microsoft Visual Studio Solution File, Format Version 12.00
# Visual Studio 15
Project("{FAE04EC0-301F-11D3-BF4B-00C04F79EFBC}") = "Assembly-CSharp", "Assembly-CSharp.csproj", "{9882B548-C729-A088-1D5C-268A6DFE32E1}"
EndProject
Project("{FAE04EC0-301F-11D3-BF4B-00C04F79EFBC}") = "Assembly-CSharp-Editor", "Assembly-CSharp-Editor.csproj", "{F39E0EB7-A43E-615B-1FFA-297AB15EA599}"
EndProject
Global
	GlobalSection(SolutionConfigurationPlatforms) = preSolution
		Debug|Any CPU = Debug|Any CPU
		Release|Any CPU = Release|Any CPU
	EndGlobalSection
	GlobalSection(ProjectConfigurationPlatforms) = postSolution
		{9882B548-C729-A088-1D5C-268A6DFE32E1}.Debug|Any CPU.ActiveCfg = Debug|Any CPU
		{9882B548-C729-A088-1D5C-268A6DFE32E1}.Debug|Any CPU.Build.0 = Debug|Any CPU
		{9882B548-C729-A088-1D5C-268A6DFE32E1}.Release|Any CPU.ActiveCfg = Release|Any CPU
		{9882B548-C729-A088-1D5C-268A6DFE32E1}.Release|Any CPU.Build.0 = Release|Any CPU
		{F39E0EB7-A43E-615B-1FFA-297AB15EA599}.Debug|Any CPU.ActiveCfg = Debug|Any CPU
		{F39E0EB7-A43E-615B-1FFA-297AB15EA599}.Debug|Any CPU.Build.0 = Debug|Any CPU
		{F39E0EB7-A43E-615B-1FFA-297AB15EA599}.Release|Any CPU.ActiveCfg = Release|Any CPU
		{F39E0EB7-A43E-615B-1FFA-297AB15EA599}.Release|Any CPU.Build.0 = Release|Any CPU
	EndGlobalSection
	GlobalSection(SolutionProperties) = preSolution
		HideSolutionNode = FALSE
	EndGlobalSection
EndGlobal
